
Microsoft Visual Studio Solution File, Format Version 12.00
# Visual Studio 15
VisualStudioVersion = 15.0.28307.329
MinimumVisualStudioVersion = 10.0.40219.1
Project("{9A19103F-16F7-4668-BE54-9A1E7A4F7556}") = "Garland.Graphics.Exporter", "Garland.Graphics.Exporter2\Garland.Graphics.Exporter.csproj", "{1AA02083-974D-41BD-8271-FAB0A4A1ADDA}"
EndProject
Project("{9A19103F-16F7-4668-BE54-9A1E7A4F7556}") = "xivModdingFramework", "..\xivModdingFramework\xivModdingFramework\xivModdingFramework.csproj", "{12F7C121-355C-4519-887E-47932AD93B2E}"
EndProject
Global
	GlobalSection(SolutionConfigurationPlatforms) = preSolution
		Debug|Any CPU = Debug|Any CPU
		Release|Any CPU = Release|Any CPU
	EndGlobalSection
	GlobalSection(ProjectConfigurationPlatforms) = postSolution
		{1AA02083-974D-41BD-8271-FAB0A4A1ADDA}.Debug|Any CPU.ActiveCfg = Debug|Any CPU
		{1AA02083-974D-41BD-8271-FAB0A4A1ADDA}.Debug|Any CPU.Build.0 = Debug|Any CPU
		{1AA02083-974D-41BD-8271-FAB0A4A1ADDA}.Release|Any CPU.ActiveCfg = Release|Any CPU
		{1AA02083-974D-41BD-8271-FAB0A4A1ADDA}.Release|Any CPU.Build.0 = Release|Any CPU
		{12F7C121-355C-4519-887E-47932AD93B2E}.Debug|Any CPU.ActiveCfg = Debug|Any CPU
		{12F7C121-355C-4519-887E-47932AD93B2E}.Debug|Any CPU.Build.0 = Debug|Any CPU
		{12F7C121-355C-4519-887E-47932AD93B2E}.Release|Any CPU.ActiveCfg = Release|Any CPU
		{12F7C121-355C-4519-887E-47932AD93B2E}.Release|Any CPU.Build.0 = Release|Any CPU
	EndGlobalSection
	GlobalSection(SolutionProperties) = preSolution
		HideSolutionNode = FALSE
	EndGlobalSection
	GlobalSection(ExtensibilityGlobals) = postSolution
		SolutionGuid = {A94F09B0-A906-47DB-8BAB-B84838726EC6}
	EndGlobalSection
EndGlobal
